
Microsoft Visual Studio Solution File, Format Version 12.00
# Visual Studio Version 17
VisualStudioVersion = 17.6.33723.286
MinimumVisualStudioVersion = 10.0.40219.1
Project("{FAE04EC0-301F-11D3-BF4B-00C04F79EFBC}") = "ImageServer", "ImageServer.csproj", "{A2B984E9-38D4-4E67-A009-0B92DF49AFAD}"
EndProject
Global
	GlobalSection(SolutionConfigurationPlatforms) = preSolution
		Debug|Any CPU = Debug|Any CPU
		Release|Any CPU = Release|Any CPU
	EndGlobalSection
	GlobalSection(ProjectConfigurationPlatforms) = postSolution
		{A2B984E9-38D4-4E67-A009-0B92DF49AFAD}.Debug|Any CPU.ActiveCfg = Debug|Any CPU
		{A2B984E9-38D4-4E67-A009-0B92DF49AFAD}.Debug|Any CPU.Build.0 = Debug|Any CPU
		{A2B984E9-38D4-4E67-A009-0B92DF49AFAD}.Release|Any CPU.ActiveCfg = Release|Any CPU
		{A2B984E9-38D4-4E67-A009-0B92DF49AFAD}.Release|Any CPU.Build.0 = Release|Any CPU
	EndGlobalSection
	GlobalSection(SolutionProperties) = preSolution
		HideSolutionNode = FALSE
	EndGlobalSection
	GlobalSection(ExtensibilityGlobals) = postSolution
		SolutionGuid = {18FAE418-ED64-4563-9D4C-ABEAB0BDC4F6}
	EndGlobalSection
EndGlobal
